PODS:
  - SwiftLint (0.30.1)
  - TPPDF (1.3.2):
    - SwiftLint

DEPENDENCIES:
  - TPPDF

SPEC REPOS:
  https://github.com/cocoapods/specs.git:
    - SwiftLint
    - TPPDF

SPEC CHECKSUMS:
  SwiftLint: a54bf1fe12b55c68560eb2a7689dfc81458508f7
  TPPDF: aebedaa19d3c471d83c0dce550faf6fa087cedfa

PODFILE CHECKSUM: 3004ee5d2925a7355d22312d2a28796e15f50dfb

COCOAPODS: 1.5.3
